
Microsoft Visual Studio Solution File, Format Version 12.00
# Visual Studio Version 17
VisualStudioVersion = 17.13.35919.96 d17.13
MinimumVisualStudioVersion = 10.0.40219.1
Project("{54A90642-561A-4BB1-A94E-469ADEE60C69}") = "familytreeapp.client", "familytreeapp.client\familytreeapp.client.esproj", "{22766693-37EA-F046-33CC-B990230187EA}"
EndProject
Project("{FAE04EC0-301F-11D3-BF4B-00C04F79EFBC}") = "FamilyTreeApp.Server", "FamilyTreeApp.Server\FamilyTreeApp.Server.csproj", "{99235A76-74AB-4108-902F-EBEE64BEFCDE}"
EndProject
Global
	GlobalSection(SolutionConfigurationPlatforms) = preSolution
		Debug|Any CPU = Debug|Any CPU
		Release|Any CPU = Release|Any CPU
	EndGlobalSection
	GlobalSection(ProjectConfigurationPlatforms) = postSolution
		{22766693-37EA-F046-33CC-B990230187EA}.Debug|Any CPU.ActiveCfg = Debug|Any CPU
		{22766693-37EA-F046-33CC-B990230187EA}.Debug|Any CPU.Build.0 = Debug|Any CPU
		{22766693-37EA-F046-33CC-B990230187EA}.Debug|Any CPU.Deploy.0 = Debug|Any CPU
		{22766693-37EA-F046-33CC-B990230187EA}.Release|Any CPU.ActiveCfg = Release|Any CPU
		{22766693-37EA-F046-33CC-B990230187EA}.Release|Any CPU.Build.0 = Release|Any CPU
		{22766693-37EA-F046-33CC-B990230187EA}.Release|Any CPU.Deploy.0 = Release|Any CPU
		{99235A76-74AB-4108-902F-EBEE64BEFCDE}.Debug|Any CPU.ActiveCfg = Debug|Any CPU
		{99235A76-74AB-4108-902F-EBEE64BEFCDE}.Debug|Any CPU.Build.0 = Debug|Any CPU
		{99235A76-74AB-4108-902F-EBEE64BEFCDE}.Release|Any CPU.ActiveCfg = Release|Any CPU
		{99235A76-74AB-4108-902F-EBEE64BEFCDE}.Release|Any CPU.Build.0 = Release|Any CPU
	EndGlobalSection
	GlobalSection(SolutionProperties) = preSolution
		HideSolutionNode = FALSE
	EndGlobalSection
	GlobalSection(ExtensibilityGlobals) = postSolution
		SolutionGuid = {34188B1D-3133-4D2A-BFA1-2E6E0C9DCEC4}
	EndGlobalSection
EndGlobal
